
Microsoft Visual Studio Solution File, Format Version 10.00
# Visual C++ Express 2008
Project("{8BC9CEB8-8B4A-11D0-8D11-00A0C91BC942}") = "cyassl", "cyassl.vcproj", "{73973223-5EE8-41CA-8E88-1D60E89A237B}"
EndProject
Project("{8BC9CEB8-8B4A-11D0-8D11-00A0C91BC942}") = "testsuite", "testsuite\testsuite.vcproj", "{611E8971-46E0-4D0A-B5A1-632C3B00CB80}"
	ProjectSection(ProjectDependencies) = postProject
		{73973223-5EE8-41CA-8E88-1D60E89A237B} = {73973223-5EE8-41CA-8E88-1D60E89A237B}
	EndProjectSection
EndProject
Project("{8BC9CEB8-8B4A-11D0-8D11-00A0C91BC942}") = "sslSniffer", "sslSniffer\sslSniffer.vcproj", "{34FAE5A6-2B0F-4B55-86FE-0C43E4810F4D}"
	ProjectSection(ProjectDependencies) = postProject
		{73973223-5EE8-41CA-8E88-1D60E89A237B} = {73973223-5EE8-41CA-8E88-1D60E89A237B}
	EndProjectSection
EndProject
Project("{8BC9CEB8-8B4A-11D0-8D11-00A0C91BC942}") = "sslSniffTest", "sslSniffer\sslSnifferTest\sslSniffTest.vcproj", "{8C89E16E-9C36-45EF-A491-F4EBD4A8D8F1}"
	ProjectSection(ProjectDependencies) = postProject
		{34FAE5A6-2B0F-4B55-86FE-0C43E4810F4D} = {34FAE5A6-2B0F-4B55-86FE-0C43E4810F4D}
	EndProjectSection
EndProject
Global
	GlobalSection(SolutionConfigurationPlatforms) = preSolution
		Debug|Win32 = Debug|Win32
		Release|Win32 = Release|Win32
	EndGlobalSection
	GlobalSection(ProjectConfigurationPlatforms) = postSolution
		{73973223-5EE8-41CA-8E88-1D60E89A237B}.Debug|Win32.ActiveCfg = Debug|Win32
		{73973223-5EE8-41CA-8E88-1D60E89A237B}.Debug|Win32.Build.0 = Debug|Win32
		{73973223-5EE8-41CA-8E88-1D60E89A237B}.Release|Win32.ActiveCfg = Release|Win32
		{73973223-5EE8-41CA-8E88-1D60E89A237B}.Release|Win32.Build.0 = Release|Win32
		{611E8971-46E0-4D0A-B5A1-632C3B00CB80}.Debug|Win32.ActiveCfg = Debug|Win32
		{611E8971-46E0-4D0A-B5A1-632C3B00CB80}.Debug|Win32.Build.0 = Debug|Win32
		{611E8971-46E0-4D0A-B5A1-632C3B00CB80}.Release|Win32.ActiveCfg = Release|Win32
		{611E8971-46E0-4D0A-B5A1-632C3B00CB80}.Release|Win32.Build.0 = Release|Win32
		{34FAE5A6-2B0F-4B55-86FE-0C43E4810F4D}.Debug|Win32.ActiveCfg = Debug|Win32
		{34FAE5A6-2B0F-4B55-86FE-0C43E4810F4D}.Debug|Win32.Build.0 = Debug|Win32
		{34FAE5A6-2B0F-4B55-86FE-0C43E4810F4D}.Release|Win32.ActiveCfg = Release|Win32
		{34FAE5A6-2B0F-4B55-86FE-0C43E4810F4D}.Release|Win32.Build.0 = Release|Win32
		{8C89E16E-9C36-45EF-A491-F4EBD4A8D8F1}.Debug|Win32.ActiveCfg = Debug|Win32
		{8C89E16E-9C36-45EF-A491-F4EBD4A8D8F1}.Debug|Win32.Build.0 = Debug|Win32
		{8C89E16E-9C36-45EF-A491-F4EBD4A8D8F1}.Release|Win32.ActiveCfg = Release|Win32
		{8C89E16E-9C36-45EF-A491-F4EBD4A8D8F1}.Release|Win32.Build.0 = Release|Win32
	EndGlobalSection
	GlobalSection(SolutionProperties) = preSolution
		HideSolutionNode = FALSE
	EndGlobalSection
EndGlobal
