// !$*UTF8*$!
{
	archiveVersion = 1;
	classes = {
	};
	objectVersion = 45;
	objects = {

/* Begin PBXBuildFile section */
		4368F6E20E9EA0E10002A123 /* testsuite.c in Sources */ = {isa = PBXBuildFile; fileRef = 4368F6E10E9EA0E10002A123 /* testsuite.c */; };
		4368F6E30E9EA0F10002A123 /* client.c in Sources */ = {isa = PBXBuildFile; fileRef = 43F5A2570E8C59BA00CD7F1A /* client.c */; };
		4368F6E50E9EA1140002A123 /* test.c in Sources */ = {isa = PBXBuildFile; fileRef = 4368F6E40E9EA1140002A123 /* test.c */; };
		4368F6E70E9EA1250002A123 /* server.c in Sources */ = {isa = PBXBuildFile; fileRef = 4368F6E60E9EA1250002A123 /* server.c */; };
		4368F6E90E9EA1320002A123 /* echoclient.c in Sources */ = {isa = PBXBuildFile; fileRef = 4368F6E80E9EA1320002A123 /* echoclient.c */; };
		4368F6EB0E9EA14A0002A123 /* echoserver.c in Sources */ = {isa = PBXBuildFile; fileRef = 4368F6EA0E9EA14A0002A123 /* echoserver.c */; };
		4368F6EE0E9EA19E0002A123 /* libcyassl.a in Frameworks */ = {isa = PBXBuildFile; fileRef = D2AAC046055464E500DB518D /* libcyassl.a */; };
		4368F7320E9EA8FF0002A123 /* test.c in Sources */ = {isa = PBXBuildFile; fileRef = 4368F6E40E9EA1140002A123 /* test.c */; };
		4368F7350E9EA9240002A123 /* libcyassl.a in Frameworks */ = {isa = PBXBuildFile; fileRef = D2AAC046055464E500DB518D /* libcyassl.a */; };
		4368F7460E9EA98A0002A123 /* benchmark.c in Sources */ = {isa = PBXBuildFile; fileRef = 4368F7450E9EA98A0002A123 /* benchmark.c */; };
		4368F74A0E9EA9AC0002A123 /* libcyassl.a in Frameworks */ = {isa = PBXBuildFile; fileRef = D2AAC046055464E500DB518D /* libcyassl.a */; };
		4368F7580E9EAA150002A123 /* server.c in Sources */ = {isa = PBXBuildFile; fileRef = 4368F6E60E9EA1250002A123 /* server.c */; };
		4368F75B0E9EAA380002A123 /* libcyassl.a in Frameworks */ = {isa = PBXBuildFile; fileRef = D2AAC046055464E500DB518D /* libcyassl.a */; };
		4368F7690E9EAB160002A123 /* echoclient.c in Sources */ = {isa = PBXBuildFile; fileRef = 4368F6E80E9EA1320002A123 /* echoclient.c */; };
		4368F76D0E9EAB690002A123 /* libcyassl.a in Frameworks */ = {isa = PBXBuildFile; fileRef = D2AAC046055464E500DB518D /* libcyassl.a */; };
		4368F79F0E9EABC50002A123 /* libcyassl.a in Frameworks */ = {isa = PBXBuildFile; fileRef = D2AAC046055464E500DB518D /* libcyassl.a */; };
		4368F7A00E9EABF50002A123 /* echoserver.c in Sources */ = {isa = PBXBuildFile; fileRef = 4368F6EA0E9EA14A0002A123 /* echoserver.c */; };
		43809E5D0FB7AC420050922E /* md4.c in Sources */ = {isa = PBXBuildFile; fileRef = 43809E5C0FB7AC420050922E /* md4.c */; };
		43809E5F0FB7AC5B0050922E /* md4.h in Headers */ = {isa = PBXBuildFile; fileRef = 43809E5E0FB7AC5B0050922E /* md4.h */; };
		43962ADF0DE7ED48003C5E5B /* ssl.c in Sources */ = {isa = PBXBuildFile; fileRef = 43C6C2790DDF984100F2D488 /* ssl.c */; };
		43AC92CA0EB154210049F588 /* cyassl_io.c in Sources */ = {isa = PBXBuildFile; fileRef = 43AC92C90EB154210049F588 /* cyassl_io.c */; };
		43C6C27B0DDF984100F2D488 /* cyassl_int.c in Sources */ = {isa = PBXBuildFile; fileRef = 43C6C2770DDF984100F2D488 /* cyassl_int.c */; };
		43C6C27C0DDF984100F2D488 /* keys.c in Sources */ = {isa = PBXBuildFile; fileRef = 43C6C2780DDF984100F2D488 /* keys.c */; };
		43C6C27E0DDF984100F2D488 /* tls.c in Sources */ = {isa = PBXBuildFile; fileRef = 43C6C27A0DDF984100F2D488 /* tls.c */; };
		43C6C2920DDF98D400F2D488 /* aes.c in Sources */ = {isa = PBXBuildFile; fileRef = 43C6C2830DDF98D400F2D488 /* aes.c */; };
		43C6C2930DDF98D400F2D488 /* arc4.c in Sources */ = {isa = PBXBuildFile; fileRef = 43C6C2840DDF98D400F2D488 /* arc4.c */; };
		43C6C2940DDF98D400F2D488 /* asn.c in Sources */ = {isa = PBXBuildFile; fileRef = 43C6C2850DDF98D400F2D488 /* asn.c */; };
		43C6C2950DDF98D400F2D488 /* coding.c in Sources */ = {isa = PBXBuildFile; fileRef = 43C6C2860DDF98D400F2D488 /* coding.c */; };
		43C6C2960DDF98D400F2D488 /* des3.c in Sources */ = {isa = PBXBuildFile; fileRef = 43C6C2870DDF98D400F2D488 /* des3.c */; };
		43C6C2970DDF98D400F2D488 /* dh.c in Sources */ = {isa = PBXBuildFile; fileRef = 43C6C2880DDF98D400F2D488 /* dh.c */; };
		43C6C2980DDF98D400F2D488 /* dsa.c in Sources */ = {isa = PBXBuildFile; fileRef = 43C6C2890DDF98D400F2D488 /* dsa.c */; };
		43C6C2990DDF98D400F2D488 /* hmac.c in Sources */ = {isa = PBXBuildFile; fileRef = 43C6C28A0DDF98D400F2D488 /* hmac.c */; };
		43C6C29A0DDF98D400F2D488 /* integer.c in Sources */ = {isa = PBXBuildFile; fileRef = 43C6C28B0DDF98D400F2D488 /* integer.c */; };
		43C6C29B0DDF98D400F2D488 /* md5.c in Sources */ = {isa = PBXBuildFile; fileRef = 43C6C28C0DDF98D400F2D488 /* md5.c */; };
		43C6C29C0DDF98D400F2D488 /* misc.c in Sources */ = {isa = PBXBuildFile; fileRef = 43C6C28D0DDF98D400F2D488 /* misc.c */; };
		43C6C29D0DDF98D400F2D488 /* random.c in Sources */ = {isa = PBXBuildFile; fileRef = 43C6C28E0DDF98D400F2D488 /* random.c */; };
		43C6C29E0DDF98D400F2D488 /* rsa.c in Sources */ = {isa = PBXBuildFile; fileRef = 43C6C28F0DDF98D400F2D488 /* rsa.c */; };
		43C6C29F0DDF98D400F2D488 /* sha.c in Sources */ = {isa = PBXBuildFile; fileRef = 43C6C2900DDF98D400F2D488 /* sha.c */; };
		43C6C2A00DDF98D400F2D488 /* sha256.c in Sources */ = {isa = PBXBuildFile; fileRef = 43C6C2910DDF98D400F2D488 /* sha256.c */; };
		43D565650F1EC9A600550C88 /* hc128.c in Sources */ = {isa = PBXBuildFile; fileRef = 43D565640F1EC9A600550C88 /* hc128.c */; };
		43D565670F1EC9CC00550C88 /* rabbit.c in Sources */ = {isa = PBXBuildFile; fileRef = 43D565660F1EC9CC00550C88 /* rabbit.c */; };
		43D565A40F29040000550C88 /* rabbit.h in Headers */ = {isa = PBXBuildFile; fileRef = 43D565A30F29040000550C88 /* rabbit.h */; };
		43D565A60F29041C00550C88 /* hc128.h in Headers */ = {isa = PBXBuildFile; fileRef = 43D565A50F29041C00550C88 /* hc128.h */; };
		43F5A2580E8C59BA00CD7F1A /* client.c in Sources */ = {isa = PBXBuildFile; fileRef = 43F5A2570E8C59BA00CD7F1A /* client.c */; };
		43F5A25B0E8C59CB00CD7F1A /* libcyassl.a in Frameworks */ = {isa = PBXBuildFile; fileRef = D2AAC046055464E500DB518D /* libcyassl.a */; };
/* End PBXBuildFile section */

/* Begin PBXContainerItemProxy section */
		4368F6EC0E9EA1970002A123 /* PBXContainerItemProxy */ = {
			isa = PBXContainerItemProxy;
			containerPortal = 08FB7793FE84155DC02AAC07 /* Project object */;
			proxyType = 1;
			remoteGlobalIDString = D2AAC045055464E500DB518D;
			remoteInfo = cyassl;
		};
		4368F7330E9EA91F0002A123 /* PBXContainerItemProxy */ = {
			isa = PBXContainerItemProxy;
			containerPortal = 08FB7793FE84155DC02AAC07 /* Project object */;
			proxyType = 1;
			remoteGlobalIDString = D2AAC045055464E500DB518D;
			remoteInfo = cyassl;
		};
		4368F7480E9EA9A70002A123 /* PBXContainerItemProxy */ = {
			isa = PBXContainerItemProxy;
			containerPortal = 08FB7793FE84155DC02AAC07 /* Project object */;
			proxyType = 1;
			remoteGlobalIDString = D2AAC045055464E500DB518D;
			remoteInfo = cyassl;
		};
		4368F7590E9EAA330002A123 /* PBXContainerItemProxy */ = {
			isa = PBXContainerItemProxy;
			containerPortal = 08FB7793FE84155DC02AAC07 /* Project object */;
			proxyType = 1;
			remoteGlobalIDString = D2AAC045055464E500DB518D;
			remoteInfo = cyassl;
		};
		4368F76B0E9EAB650002A123 /* PBXContainerItemProxy */ = {
			isa = PBXContainerItemProxy;
			containerPortal = 08FB7793FE84155DC02AAC07 /* Project object */;
			proxyType = 1;
			remoteGlobalIDString = D2AAC045055464E500DB518D;
			remoteInfo = cyassl;
		};
		4368F79D0E9EABBF0002A123 /* PBXContainerItemProxy */ = {
			isa = PBXContainerItemProxy;
			containerPortal = 08FB7793FE84155DC02AAC07 /* Project object */;
			proxyType = 1;
			remoteGlobalIDString = D2AAC045055464E500DB518D;
			remoteInfo = cyassl;
		};
		43F5A2590E8C59C500CD7F1A /* PBXContainerItemProxy */ = {
			isa = PBXContainerItemProxy;
			containerPortal = 08FB7793FE84155DC02AAC07 /* Project object */;
			proxyType = 1;
			remoteGlobalIDString = D2AAC045055464E500DB518D;
			remoteInfo = cyassl;
		};
/* End PBXContainerItemProxy section */

/* Begin PBXCopyFilesBuildPhase section */
		43C6C3160DDFAC6A00F2D488 /* CopyFiles */ = {
			isa = PBXCopyFilesBuildPhase;
			buildActionMask = 2147483647;
			dstPath = "";
			dstSubfolderSpec = 7;
			files = (
			);
			runOnlyForDeploymentPostprocessing = 0;
		};
		43C6C3170DDFAC6A00F2D488 /* CopyFiles */ = {
			isa = PBXCopyFilesBuildPhase;
			buildActionMask = 8;
			dstPath = "";
			dstSubfolderSpec = 7;
			files = (
			);
			runOnlyForDeploymentPostprocessing = 1;
		};
		43C6C3180DDFAC6A00F2D488 /* CopyFiles */ = {
			isa = PBXCopyFilesBuildPhase;
			buildActionMask = 2147483647;
			dstPath = "";
			dstSubfolderSpec = 7;
			files = (
			);
			runOnlyForDeploymentPostprocessing = 0;
		};
/* End PBXCopyFilesBuildPhase section */

/* Begin PBXFileReference section */
		4368F6DC0E9EA08C0002A123 /* testsuite */ = {isa = PBXFileReference; explicitFileType = "compiled.mach-o.executable"; includeInIndex = 0; path = testsuite; sourceTree = BUILT_PRODUCTS_DIR; };
		4368F6E10E9EA0E10002A123 /* testsuite.c */ = {isa = PBXFileReference; fileEncoding = 4; lastKnownFileType = sourcecode.c.c; lineEnding = 2; name = testsuite.c; path = testsuite/testsuite.c; sourceTree = "<group>"; };
		4368F6E40E9EA1140002A123 /* test.c */ = {isa = PBXFileReference; fileEncoding = 4; lastKnownFileType = sourcecode.c.c; lineEnding = 2; name = test.c; path = ctaocrypt/test/test.c; sourceTree = "<group>"; };
		4368F6E60E9EA1250002A123 /* server.c */ = {isa = PBXFileReference; fileEncoding = 4; lastKnownFileType = sourcecode.c.c; lineEnding = 2; name = server.c; path = examples/server/server.c; sourceTree = "<group>"; };
		4368F6E80E9EA1320002A123 /* echoclient.c */ = {isa = PBXFileReference; fileEncoding = 4; lastKnownFileType = sourcecode.c.c; lineEnding = 2; name = echoclient.c; path = examples/echoclient/echoclient.c; sourceTree = "<group>"; };
		4368F6EA0E9EA14A0002A123 /* echoserver.c */ = {isa = PBXFileReference; fileEncoding = 4; lastKnownFileType = sourcecode.c.c; lineEnding = 2; name = echoserver.c; path = examples/echoserver/echoserver.c; sourceTree = "<group>"; };
		4368F72E0E9EA8E60002A123 /* test */ = {isa = PBXFileReference; explicitFileType = "compiled.mach-o.executable"; includeInIndex = 0; path = test; sourceTree = BUILT_PRODUCTS_DIR; };
		4368F7410E9EA9740002A123 /* benchmark */ = {isa = PBXFileReference; explicitFileType = "compiled.mach-o.executable"; includeInIndex = 0; path = benchmark; sourceTree = BUILT_PRODUCTS_DIR; };
		4368F7450E9EA98A0002A123 /* benchmark.c */ = {isa = PBXFileReference; fileEncoding = 4; lastKnownFileType = sourcecode.c.c; lineEnding = 2; name = benchmark.c; path = ctaocrypt/benchmark/benchmark.c; sourceTree = "<group>"; };
		4368F7540E9EA9FD0002A123 /* server */ = {isa = PBXFileReference; explicitFileType = "compiled.mach-o.executable"; includeInIndex = 0; path = server; sourceTree = BUILT_PRODUCTS_DIR; };
		4368F7650E9EAB090002A123 /* echoclient */ = {isa = PBXFileReference; explicitFileType = "compiled.mach-o.executable"; includeInIndex = 0; path = echoclient; sourceTree = BUILT_PRODUCTS_DIR; };
		4368F7990E9EABB80002A123 /* echoserver */ = {isa = PBXFileReference; explicitFileType = "compiled.mach-o.executable"; includeInIndex = 0; path = echoserver; sourceTree = BUILT_PRODUCTS_DIR; };
		43809E5C0FB7AC420050922E /* md4.c */ = {isa = PBXFileReference; fileEncoding = 4; lastKnownFileType = sourcecode.c.c; name = md4.c; path = ctaocrypt/src/md4.c; sourceTree = "<group>"; };
		43809E5E0FB7AC5B0050922E /* md4.h */ = {isa = PBXFileReference; fileEncoding = 4; lastKnownFileType = sourcecode.c.h; name = md4.h; path = ctaocrypt/include/md4.h; sourceTree = "<group>"; };
		43AC92C90EB154210049F588 /* cyassl_io.c */ = {isa = PBXFileReference; fileEncoding = 4; lastKnownFileType = sourcecode.c.c; lineEnding = 0; name = cyassl_io.c; path = src/cyassl_io.c; sourceTree = "<group>"; };
		43C6C2770DDF984100F2D488 /* cyassl_int.c */ = {isa = PBXFileReference; fileEncoding = 4; lastKnownFileType = sourcecode.c.c; lineEnding = 0; name = cyassl_int.c; path = src/cyassl_int.c; sourceTree = "<group>"; };
		43C6C2780DDF984100F2D488 /* keys.c */ = {isa = PBXFileReference; fileEncoding = 4; lastKnownFileType = sourcecode.c.c; lineEnding = 2; name = keys.c; path = src/keys.c; sourceTree = "<group>"; };
		43C6C2790DDF984100F2D488 /* ssl.c */ = {isa = PBXFileReference; fileEncoding = 4; lastKnownFileType = sourcecode.c.c; lineEnding = 0; name = ssl.c; path = src/ssl.c; sourceTree = "<group>"; };
		43C6C27A0DDF984100F2D488 /* tls.c */ = {isa = PBXFileReference; fileEncoding = 4; lastKnownFileType = sourcecode.c.c; lineEnding = 2; name = tls.c; path = src/tls.c; sourceTree = "<group>"; };
		43C6C2830DDF98D400F2D488 /* aes.c */ = {isa = PBXFileReference; fileEncoding = 4; lastKnownFileType = sourcecode.c.c; lineEnding = 2; name = aes.c; path = ctaocrypt/src/aes.c; sourceTree = "<group>"; };
		43C6C2840DDF98D400F2D488 /* arc4.c */ = {isa = PBXFileReference; fileEncoding = 4; lastKnownFileType = sourcecode.c.c; lineEnding = 2; name = arc4.c; path = ctaocrypt/src/arc4.c; sourceTree = "<group>"; };
		43C6C2850DDF98D400F2D488 /* asn.c */ = {isa = PBXFileReference; fileEncoding = 4; lastKnownFileType = sourcecode.c.c; lineEnding = 2; name = asn.c; path = ctaocrypt/src/asn.c; sourceTree = "<group>"; };
		43C6C2860DDF98D400F2D488 /* coding.c */ = {isa = PBXFileReference; fileEncoding = 4; lastKnownFileType = sourcecode.c.c; lineEnding = 2; name = coding.c; path = ctaocrypt/src/coding.c; sourceTree = "<group>"; };
		43C6C2870DDF98D400F2D488 /* des3.c */ = {isa = PBXFileReference; fileEncoding = 4; lastKnownFileType = sourcecode.c.c; lineEnding = 2; name = des3.c; path = ctaocrypt/src/des3.c; sourceTree = "<group>"; };
		43C6C2880DDF98D400F2D488 /* dh.c */ = {isa = PBXFileReference; fileEncoding = 4; lastKnownFileType = sourcecode.c.c; lineEnding = 2; name = dh.c; path = ctaocrypt/src/dh.c; sourceTree = "<group>"; };
		43C6C2890DDF98D400F2D488 /* dsa.c */ = {isa = PBXFileReference; fileEncoding = 4; lastKnownFileType = sourcecode.c.c; lineEnding = 2; name = dsa.c; path = ctaocrypt/src/dsa.c; sourceTree = "<group>"; };
		43C6C28A0DDF98D400F2D488 /* hmac.c */ = {isa = PBXFileReference; fileEncoding = 4; lastKnownFileType = sourcecode.c.c; lineEnding = 0; name = hmac.c; path = ctaocrypt/src/hmac.c; sourceTree = "<group>"; };
		43C6C28B0DDF98D400F2D488 /* integer.c */ = {isa = PBXFileReference; fileEncoding = 4; lastKnownFileType = sourcecode.c.c; lineEnding = 2; name = integer.c; path = ctaocrypt/src/integer.c; sourceTree = "<group>"; };
		43C6C28C0DDF98D400F2D488 /* md5.c */ = {isa = PBXFileReference; fileEncoding = 4; lastKnownFileType = sourcecode.c.c; lineEnding = 2; name = md5.c; path = ctaocrypt/src/md5.c; sourceTree = "<group>"; };
		43C6C28D0DDF98D400F2D488 /* misc.c */ = {isa = PBXFileReference; fileEncoding = 4; lastKnownFileType = sourcecode.c.c; lineEnding = 2; name = misc.c; path = ctaocrypt/src/misc.c; sourceTree = "<group>"; };
		43C6C28E0DDF98D400F2D488 /* random.c */ = {isa = PBXFileReference; fileEncoding = 4; lastKnownFileType = sourcecode.c.c; lineEnding = 2; name = random.c; path = ctaocrypt/src/random.c; sourceTree = "<group>"; };
		43C6C28F0DDF98D400F2D488 /* rsa.c */ = {isa = PBXFileReference; fileEncoding = 4; lastKnownFileType = sourcecode.c.c; lineEnding = 2; name = rsa.c; path = ctaocrypt/src/rsa.c; sourceTree = "<group>"; };
		43C6C2900DDF98D400F2D488 /* sha.c */ = {isa = PBXFileReference; fileEncoding = 4; lastKnownFileType = sourcecode.c.c; lineEnding = 2; name = sha.c; path = ctaocrypt/src/sha.c; sourceTree = "<group>"; };
		43C6C2910DDF98D400F2D488 /* sha256.c */ = {isa = PBXFileReference; fileEncoding = 4; lastKnownFileType = sourcecode.c.c; lineEnding = 0; name = sha256.c; path = ctaocrypt/src/sha256.c; sourceTree = "<group>"; };
		43CA25BA0EA400BE0011ECA2 /* cyassl_error.h */ = {isa = PBXFileReference; explicitFileType = sourcecode.c.h; fileEncoding = 4; lineEnding = 2; name = cyassl_error.h; path = include/cyassl_error.h; sourceTree = "<group>"; };
		43CA25BB0EA400BE0011ECA2 /* cyassl_int.h */ = {isa = PBXFileReference; explicitFileType = sourcecode.c.h; fileEncoding = 4; lineEnding = 2; name = cyassl_int.h; path = include/cyassl_int.h; sourceTree = "<group>"; };
		43CA25BC0EA400DC0011ECA2 /* test.h */ = {isa = PBXFileReference; explicitFileType = sourcecode.c.h; fileEncoding = 4; lineEnding = 2; name = test.h; path = examples/test.h; sourceTree = "<group>"; };
		43CA25BD0EA4010C0011ECA2 /* aes.h */ = {isa = PBXFileReference; explicitFileType = sourcecode.c.h; fileEncoding = 4; lineEnding = 2; name = aes.h; path = ctaocrypt/include/aes.h; sourceTree = "<group>"; };
		43CA25BE0EA4010C0011ECA2 /* arc4.h */ = {isa = PBXFileReference; explicitFileType = sourcecode.c.h; fileEncoding = 4; lineEnding = 2; name = arc4.h; path = ctaocrypt/include/arc4.h; sourceTree = "<group>"; };
		43CA25BF0EA4010C0011ECA2 /* dh.h */ = {isa = PBXFileReference; explicitFileType = sourcecode.c.h; fileEncoding = 4; lineEnding = 2; name = dh.h; path = ctaocrypt/include/dh.h; sourceTree = "<group>"; };
		43CA25C00EA4010C0011ECA2 /* md5.h */ = {isa = PBXFileReference; explicitFileType = sourcecode.c.h; fileEncoding = 4; lineEnding = 2; name = md5.h; path = ctaocrypt/include/md5.h; sourceTree = "<group>"; };
		43CA25C10EA4010C0011ECA2 /* mpi_superclass.h */ = {isa = PBXFileReference; explicitFileType = sourcecode.c.h; fileEncoding = 4; lineEnding = 0; name = mpi_superclass.h; path = ctaocrypt/include/mpi_superclass.h; sourceTree = "<group>"; };
		43CA25C20EA4010C0011ECA2 /* random.h */ = {isa = PBXFileReference; explicitFileType = sourcecode.c.h; fileEncoding = 4; lineEnding = 2; name = random.h; path = ctaocrypt/include/random.h; sourceTree = "<group>"; };
		43CA25C30EA4010C0011ECA2 /* sha.h */ = {isa = PBXFileReference; explicitFileType = sourcecode.c.h; fileEncoding = 4; lineEnding = 2; name = sha.h; path = ctaocrypt/include/sha.h; sourceTree = "<group>"; };
		43CA25C40EA4010C0011ECA2 /* sha256.h */ = {isa = PBXFileReference; explicitFileType = sourcecode.c.h; fileEncoding = 4; lineEnding = 0; name = sha256.h; path = ctaocrypt/include/sha256.h; sourceTree = "<group>"; };
		43CA25C50EA4010C0011ECA2 /* coding.h */ = {isa = PBXFileReference; explicitFileType = sourcecode.c.h; fileEncoding = 4; lineEnding = 2; name = coding.h; path = ctaocrypt/include/coding.h; sourceTree = "<group>"; };
		43CA25C60EA4010C0011ECA2 /* des3.h */ = {isa = PBXFileReference; explicitFileType = sourcecode.c.h; fileEncoding = 4; lineEnding = 2; name = des3.h; path = ctaocrypt/include/des3.h; sourceTree = "<group>"; };
		43CA25C70EA4010C0011ECA2 /* error.h */ = {isa = PBXFileReference; explicitFileType = sourcecode.c.h; fileEncoding = 4; lineEnding = 2; name = error.h; path = ctaocrypt/include/error.h; sourceTree = "<group>"; };
		43CA25C80EA4010C0011ECA2 /* misc.h */ = {isa = PBXFileReference; explicitFileType = sourcecode.c.h; fileEncoding = 4; lineEnding = 2; name = misc.h; path = ctaocrypt/include/misc.h; sourceTree = "<group>"; };
		43CA25C90EA4010C0011ECA2 /* integer.h */ = {isa = PBXFileReference; explicitFileType = sourcecode.c.h; fileEncoding = 4; lineEnding = 2; name = integer.h; path = ctaocrypt/include/integer.h; sourceTree = "<group>"; };
		43CA25CA0EA4010C0011ECA2 /* tfm.h */ = {isa = PBXFileReference; explicitFileType = sourcecode.c.h; fileEncoding = 4; lineEnding = 0; name = tfm.h; path = ctaocrypt/include/tfm.h; sourceTree = "<group>"; };
		43CA25CB0EA4010C0011ECA2 /* asn.h */ = {isa = PBXFileReference; explicitFileType = sourcecode.c.h; fileEncoding = 4; lineEnding = 2; name = asn.h; path = ctaocrypt/include/asn.h; sourceTree = "<group>"; };
		43CA25CC0EA4010C0011ECA2 /* rsa.h */ = {isa = PBXFileReference; explicitFileType = sourcecode.c.h; fileEncoding = 4; lineEnding = 2; name = rsa.h; path = ctaocrypt/include/rsa.h; sourceTree = "<group>"; };
		43CA25CD0EA4010C0011ECA2 /* mpi_class.h */ = {isa = PBXFileReference; explicitFileType = sourcecode.c.h; fileEncoding = 4; lineEnding = 0; name = mpi_class.h; path = ctaocrypt/include/mpi_class.h; sourceTree = "<group>"; };
		43CA25CE0EA4010C0011ECA2 /* types.h */ = {isa = PBXFileReference; explicitFileType = sourcecode.c.h; fileEncoding = 4; lineEnding = 2; name = types.h; path = ctaocrypt/include/types.h; sourceTree = "<group>"; };
		43CA25CF0EA4010C0011ECA2 /* dsa.h */ = {isa = PBXFileReference; explicitFileType = sourcecode.c.h; fileEncoding = 4; lineEnding = 2; name = dsa.h; path = ctaocrypt/include/dsa.h; sourceTree = "<group>"; };
		43CA25D00EA4010C0011ECA2 /* hmac.h */ = {isa = PBXFileReference; explicitFileType = sourcecode.c.h; fileEncoding = 4; lineEnding = 0; name = hmac.h; path = ctaocrypt/include/hmac.h; sourceTree = "<group>"; };
		43CA25D10EA401550011ECA2 /* cyassl_callbacks.h */ = {isa = PBXFileReference; explicitFileType = sourcecode.c.h; fileEncoding = 4; lineEnding = 2; name = cyassl_callbacks.h; path = include/openssl/cyassl_callbacks.h; sourceTree = "<group>"; };
		43CA25D20EA401550011ECA2 /* ssl.h */ = {isa = PBXFileReference; explicitFileType = sourcecode.c.h; fileEncoding = 4; lineEnding = 2; name = ssl.h; path = include/openssl/ssl.h; sourceTree = "<group>"; };
		43D565640F1EC9A600550C88 /* hc128.c */ = {isa = PBXFileReference; fileEncoding = 4; lastKnownFileType = sourcecode.c.c; lineEnding = 2; name = hc128.c; path = ctaocrypt/src/hc128.c; sourceTree = "<group>"; };
		43D565660F1EC9CC00550C88 /* rabbit.c */ = {isa = PBXFileReference; fileEncoding = 4; lastKnownFileType = sourcecode.c.c; lineEnding = 2; name = rabbit.c; path = ctaocrypt/src/rabbit.c; sourceTree = "<group>"; };
		43D565A30F29040000550C88 /* rabbit.h */ = {isa = PBXFileReference; fileEncoding = 4; lastKnownFileType = sourcecode.c.h; lineEnding = 2; name = rabbit.h; path = ctaocrypt/include/rabbit.h; sourceTree = "<group>"; };
		43D565A50F29041C00550C88 /* hc128.h */ = {isa = PBXFileReference; fileEncoding = 4; lastKnownFileType = sourcecode.c.h; lineEnding = 2; name = hc128.h; path = ctaocrypt/include/hc128.h; sourceTree = "<group>"; };
		43F5A24F0E8C599600CD7F1A /* client */ = {isa = PBXFileReference; explicitFileType = "compiled.mach-o.executable"; includeInIndex = 0; path = client; sourceTree = BUILT_PRODUCTS_DIR; };
		43F5A2570E8C59BA00CD7F1A /* client.c */ = {isa = PBXFileReference; fileEncoding = 4; lastKnownFileType = sourcecode.c.c; lineEnding = 0; name = client.c; path = examples/client/client.c; sourceTree = "<group>"; };
		D2AAC046055464E500DB518D /* libcyassl.a */ = {isa = PBXFileReference; explicitFileType = archive.ar; includeInIndex = 0; path = libcyassl.a; sourceTree = BUILT_PRODUCTS_DIR; };
/* End PBXFileReference section */

/* Begin PBXFrameworksBuildPhase section */
		4368F6DA0E9EA08C0002A123 /* Frameworks */ = {
			isa = PBXFrameworksBuildPhase;
			buildActionMask = 2147483647;
			files = (
				4368F6EE0E9EA19E0002A123 /* libcyassl.a in Frameworks */,
			);
			runOnlyForDeploymentPostprocessing = 0;
		};
		4368F72C0E9EA8E60002A123 /* Frameworks */ = {
			isa = PBXFrameworksBuildPhase;
			buildActionMask = 2147483647;
			files = (
				4368F7350E9EA9240002A123 /* libcyassl.a in Frameworks */,
			);
			runOnlyForDeploymentPostprocessing = 0;
		};
		4368F73F0E9EA9740002A123 /* Frameworks */ = {
			isa = PBXFrameworksBuildPhase;
			buildActionMask = 2147483647;
			files = (
				4368F74A0E9EA9AC0002A123 /* libcyassl.a in Frameworks */,
			);
			runOnlyForDeploymentPostprocessing = 0;
		};
		4368F7520E9EA9FD0002A123 /* Frameworks */ = {
			isa = PBXFrameworksBuildPhase;
			buildActionMask = 2147483647;
			files = (
				4368F75B0E9EAA380002A123 /* libcyassl.a in Frameworks */,
			);
			runOnlyForDeploymentPostprocessing = 0;
		};
		4368F7630E9EAB090002A123 /* Frameworks */ = {
			isa = PBXFrameworksBuildPhase;
			buildActionMask = 2147483647;
			files = (
				4368F76D0E9EAB690002A123 /* libcyassl.a in Frameworks */,
			);
			runOnlyForDeploymentPostprocessing = 0;
		};
		4368F7970E9EABB80002A123 /* Frameworks */ = {
			isa = PBXFrameworksBuildPhase;
			buildActionMask = 2147483647;
			files = (
				4368F79F0E9EABC50002A123 /* libcyassl.a in Frameworks */,
			);
			runOnlyForDeploymentPostprocessing = 0;
		};
		43F5A24D0E8C599600CD7F1A /* Frameworks */ = {
			isa = PBXFrameworksBuildPhase;
			buildActionMask = 2147483647;
			files = (
				43F5A25B0E8C59CB00CD7F1A /* libcyassl.a in Frameworks */,
			);
			runOnlyForDeploymentPostprocessing = 0;
		};
		D289987405E68DCB004EDB86 /* Frameworks */ = {
			isa = PBXFrameworksBuildPhase;
			buildActionMask = 2147483647;
			files = (
			);
			runOnlyForDeploymentPostprocessing = 0;
		};
/* End PBXFrameworksBuildPhase section */

/* Begin PBXGroup section */
		08FB7794FE84155DC02AAC07 /* cyassl */ = {
			isa = PBXGroup;
			children = (
				08FB7795FE84155DC02AAC07 /* Source */,
				C6A0FF2B0290797F04C91782 /* Documentation */,
				1AB674ADFE9D54B511CA2CBB /* Products */,
			);
			name = cyassl;
			sourceTree = "<group>";
		};
		08FB7795FE84155DC02AAC07 /* Source */ = {
			isa = PBXGroup;
			children = (
				43CA25B90EA400A60011ECA2 /* headers */,
				43CA25720EA3F9B20011ECA2 /* src */,
			);
			name = Source;
			sourceTree = "<group>";
		};
		1AB674ADFE9D54B511CA2CBB /* Products */ = {
			isa = PBXGroup;
			children = (
				D2AAC046055464E500DB518D /* libcyassl.a */,
				43F5A24F0E8C599600CD7F1A /* client */,
				4368F6DC0E9EA08C0002A123 /* testsuite */,
				4368F72E0E9EA8E60002A123 /* test */,
				4368F7410E9EA9740002A123 /* benchmark */,
				4368F7540E9EA9FD0002A123 /* server */,
				4368F7650E9EAB090002A123 /* echoclient */,
				4368F7990E9EABB80002A123 /* echoserver */,
			);
			name = Products;
			sourceTree = "<group>";
		};
		43CA25720EA3F9B20011ECA2 /* src */ = {
			isa = PBXGroup;
			children = (
				43809E5C0FB7AC420050922E /* md4.c */,
				43D565660F1EC9CC00550C88 /* rabbit.c */,
				43D565640F1EC9A600550C88 /* hc128.c */,
				43AC92C90EB154210049F588 /* cyassl_io.c */,
				4368F7450E9EA98A0002A123 /* benchmark.c */,
				43F5A2570E8C59BA00CD7F1A /* client.c */,
				43C6C2830DDF98D400F2D488 /* aes.c */,
				43C6C2840DDF98D400F2D488 /* arc4.c */,
				43C6C2850DDF98D400F2D488 /* asn.c */,
				4368F6EA0E9EA14A0002A123 /* echoserver.c */,
				43C6C2860DDF98D400F2D488 /* coding.c */,
				4368F6E80E9EA1320002A123 /* echoclient.c */,
				4368F6E60E9EA1250002A123 /* server.c */,
				43C6C2870DDF98D400F2D488 /* des3.c */,
				4368F6E40E9EA1140002A123 /* test.c */,
				4368F6E10E9EA0E10002A123 /* testsuite.c */,
				43C6C2880DDF98D400F2D488 /* dh.c */,
				43C6C2890DDF98D400F2D488 /* dsa.c */,
				43C6C28A0DDF98D400F2D488 /* hmac.c */,
				43C6C28B0DDF98D400F2D488 /* integer.c */,
				43C6C28C0DDF98D400F2D488 /* md5.c */,
				43C6C28D0DDF98D400F2D488 /* misc.c */,
				43C6C28E0DDF98D400F2D488 /* random.c */,
				43C6C28F0DDF98D400F2D488 /* rsa.c */,
				43C6C2900DDF98D400F2D488 /* sha.c */,
				43C6C2910DDF98D400F2D488 /* sha256.c */,
				43C6C2770DDF984100F2D488 /* cyassl_int.c */,
				43C6C2780DDF984100F2D488 /* keys.c */,
				43C6C2790DDF984100F2D488 /* ssl.c */,
				43C6C27A0DDF984100F2D488 /* tls.c */,
			);
			name = src;
			sourceTree = "<group>";
		};
		43CA25B90EA400A60011ECA2 /* headers */ = {
			isa = PBXGroup;
			children = (
				43809E5E0FB7AC5B0050922E /* md4.h */,
				43D565A50F29041C00550C88 /* hc128.h */,
				43D565A30F29040000550C88 /* rabbit.h */,
				43CA25D10EA401550011ECA2 /* cyassl_callbacks.h */,
				43CA25D20EA401550011ECA2 /* ssl.h */,
				43CA25BD0EA4010C0011ECA2 /* aes.h */,
				43CA25BE0EA4010C0011ECA2 /* arc4.h */,
				43CA25BF0EA4010C0011ECA2 /* dh.h */,
				43CA25C00EA4010C0011ECA2 /* md5.h */,
				43CA25C10EA4010C0011ECA2 /* mpi_superclass.h */,
				43CA25C20EA4010C0011ECA2 /* random.h */,
				43CA25C30EA4010C0011ECA2 /* sha.h */,
				43CA25C40EA4010C0011ECA2 /* sha256.h */,
				43CA25C50EA4010C0011ECA2 /* coding.h */,
				43CA25C60EA4010C0011ECA2 /* des3.h */,
				43CA25C70EA4010C0011ECA2 /* error.h */,
				43CA25C80EA4010C0011ECA2 /* misc.h */,
				43CA25C90EA4010C0011ECA2 /* integer.h */,
				43CA25CA0EA4010C0011ECA2 /* tfm.h */,
				43CA25CB0EA4010C0011ECA2 /* asn.h */,
				43CA25CC0EA4010C0011ECA2 /* rsa.h */,
				43CA25CD0EA4010C0011ECA2 /* mpi_class.h */,
				43CA25CE0EA4010C0011ECA2 /* types.h */,
				43CA25CF0EA4010C0011ECA2 /* dsa.h */,
				43CA25D00EA4010C0011ECA2 /* hmac.h */,
				43CA25BC0EA400DC0011ECA2 /* test.h */,
				43CA25BA0EA400BE0011ECA2 /* cyassl_error.h */,
				43CA25BB0EA400BE0011ECA2 /* cyassl_int.h */,
			);
			name = headers;
			sourceTree = "<group>";
		};
		C6A0FF2B0290797F04C91782 /* Documentation */ = {
			isa = PBXGroup;
			children = (
			);
			name = Documentation;
			sourceTree = "<group>";
		};
/* End PBXGroup section */

/* Begin PBXHeadersBuildPhase section */
		D2AAC043055464E500DB518D /* Headers */ = {
			isa = PBXHeadersBuildPhase;
			buildActionMask = 2147483647;
			files = (
				43D565A40F29040000550C88 /* rabbit.h in Headers */,
				43D565A60F29041C00550C88 /* hc128.h in Headers */,
				43809E5F0FB7AC5B0050922E /* md4.h in Headers */,
			);
			runOnlyForDeploymentPostprocessing = 0;
		};
/* End PBXHeadersBuildPhase section */

/* Begin PBXNativeTarget section */
		4368F6DB0E9EA08C0002A123 /* testsuite */ = {
			isa = PBXNativeTarget;
			buildConfigurationList = 4368F6E00E9EA0AB0002A123 /* Build configuration list for PBXNativeTarget "testsuite" */;
			buildPhases = (
				4368F6D90E9EA08C0002A123 /* Sources */,
				4368F6DA0E9EA08C0002A123 /* Frameworks */,
			);
			buildRules = (
			);
			dependencies = (
				4368F6ED0E9EA1970002A123 /* PBXTargetDependency */,
			);
			name = testsuite;
			productName = testsuite;
			productReference = 4368F6DC0E9EA08C0002A123 /* testsuite */;
			productType = "com.apple.product-type.tool";
		};
		4368F72D0E9EA8E60002A123 /* test */ = {
			isa = PBXNativeTarget;
			buildConfigurationList = 4368F73D0E9EA96A0002A123 /* Build configuration list for PBXNativeTarget "test" */;
			buildPhases = (
				4368F72B0E9EA8E60002A123 /* Sources */,
				4368F72C0E9EA8E60002A123 /* Frameworks */,
			);
			buildRules = (
			);
			dependencies = (
				4368F7340E9EA91F0002A123 /* PBXTargetDependency */,
			);
			name = test;
			productName = test;
			productReference = 4368F72E0E9EA8E60002A123 /* test */;
			productType = "com.apple.product-type.tool";
		};
		4368F7400E9EA9740002A123 /* benchmark */ = {
			isa = PBXNativeTarget;
			buildConfigurationList = 4368F7470E9EA98A0002A123 /* Build configuration list for PBXNativeTarget "benchmark" */;
			buildPhases = (
				4368F73E0E9EA9740002A123 /* Sources */,
				4368F73F0E9EA9740002A123 /* Frameworks */,
			);
			buildRules = (
			);
			dependencies = (
				4368F7490E9EA9A70002A123 /* PBXTargetDependency */,
			);
			name = benchmark;
			productName = benchmark;
			productReference = 4368F7410E9EA9740002A123 /* benchmark */;
			productType = "com.apple.product-type.tool";
		};
		4368F7530E9EA9FD0002A123 /* server */ = {
			isa = PBXNativeTarget;
			buildConfigurationList = 4368F75E0E9EAA6B0002A123 /* Build configuration list for PBXNativeTarget "server" */;
			buildPhases = (
				4368F7510E9EA9FD0002A123 /* Sources */,
				4368F7520E9EA9FD0002A123 /* Frameworks */,
			);
			buildRules = (
			);
			dependencies = (
				4368F75A0E9EAA330002A123 /* PBXTargetDependency */,
			);
			name = server;
			productName = server;
			productReference = 4368F7540E9EA9FD0002A123 /* server */;
			productType = "com.apple.product-type.tool";
		};
		4368F7640E9EAB090002A123 /* echoclient */ = {
			isa = PBXNativeTarget;
			buildConfigurationList = 4368F7920E9EAB700002A123 /* Build configuration list for PBXNativeTarget "echoclient" */;
			buildPhases = (
				4368F7620E9EAB090002A123 /* Sources */,
				4368F7630E9EAB090002A123 /* Frameworks */,
			);
			buildRules = (
			);
			dependencies = (
				4368F76C0E9EAB650002A123 /* PBXTargetDependency */,
			);
			name = echoclient;
			productName = echoclient;
			productReference = 4368F7650E9EAB090002A123 /* echoclient */;
			productType = "com.apple.product-type.tool";
		};
		4368F7980E9EABB80002A123 /* echoserver */ = {
			isa = PBXNativeTarget;
			buildConfigurationList = 4368F7A80E9EAC2B0002A123 /* Build configuration list for PBXNativeTarget "echoserver" */;
			buildPhases = (
				4368F7960E9EABB80002A123 /* Sources */,
				4368F7970E9EABB80002A123 /* Frameworks */,
			);
			buildRules = (
			);
			dependencies = (
				4368F79E0E9EABBF0002A123 /* PBXTargetDependency */,
			);
			name = echoserver;
			productName = echoserver;
			productReference = 4368F7990E9EABB80002A123 /* echoserver */;
			productType = "com.apple.product-type.tool";
		};
		43F5A24E0E8C599600CD7F1A /* client */ = {
			isa = PBXNativeTarget;
			buildConfigurationList = 43F5A2530E8C59B500CD7F1A /* Build configuration list for PBXNativeTarget "client" */;
			buildPhases = (
				43F5A24C0E8C599600CD7F1A /* Sources */,
				43F5A24D0E8C599600CD7F1A /* Frameworks */,
			);
			buildRules = (
			);
			dependencies = (
				43F5A25A0E8C59C500CD7F1A /* PBXTargetDependency */,
			);
			name = client;
			productName = client;
			productReference = 43F5A24F0E8C599600CD7F1A /* client */;
			productType = "com.apple.product-type.tool";
		};
		D2AAC045055464E500DB518D /* cyassl */ = {
			isa = PBXNativeTarget;
			buildConfigurationList = 1DEB91EB08733DB70010E9CD /* Build configuration list for PBXNativeTarget "cyassl" */;
			buildPhases = (
				D2AAC043055464E500DB518D /* Headers */,
				D2AAC044055464E500DB518D /* Sources */,
				D289987405E68DCB004EDB86 /* Frameworks */,
				43C6C3160DDFAC6A00F2D488 /* CopyFiles */,
				43C6C3170DDFAC6A00F2D488 /* CopyFiles */,
				43C6C3180DDFAC6A00F2D488 /* CopyFiles */,
			);
			buildRules = (
			);
			dependencies = (
			);
			name = cyassl;
			productName = cyassl;
			productReference = D2AAC046055464E500DB518D /* libcyassl.a */;
			productType = "com.apple.product-type.library.static";
		};
/* End PBXNativeTarget section */

/* Begin PBXProject section */
		08FB7793FE84155DC02AAC07 /* Project object */ = {
			isa = PBXProject;
			attributes = {
				BuildIndependentTargetsInParallel = YES;
			};
			buildConfigurationList = 1DEB91EF08733DB70010E9CD /* Build configuration list for PBXProject "cyassl" */;
			compatibilityVersion = "Xcode 3.1";
			hasScannedForEncodings = 1;
			mainGroup = 08FB7794FE84155DC02AAC07 /* cyassl */;
			projectDirPath = "";
			projectRoot = "";
			targets = (
				D2AAC045055464E500DB518D /* cyassl */,
				43F5A24E0E8C599600CD7F1A /* client */,
				4368F6DB0E9EA08C0002A123 /* testsuite */,
				4368F72D0E9EA8E60002A123 /* test */,
				4368F7400E9EA9740002A123 /* benchmark */,
				4368F7530E9EA9FD0002A123 /* server */,
				4368F7640E9EAB090002A123 /* echoclient */,
				4368F7980E9EABB80002A123 /* echoserver */,
			);
		};
/* End PBXProject section */

/* Begin PBXSourcesBuildPhase section */
		4368F6D90E9EA08C0002A123 /* Sources */ = {
			isa = PBXSourcesBuildPhase;
			buildActionMask = 2147483647;
			files = (
				4368F6E20E9EA0E10002A123 /* testsuite.c in Sources */,
				4368F6E30E9EA0F10002A123 /* client.c in Sources */,
				4368F6E50E9EA1140002A123 /* test.c in Sources */,
				4368F6E70E9EA1250002A123 /* server.c in Sources */,
				4368F6E90E9EA1320002A123 /* echoclient.c in Sources */,
				4368F6EB0E9EA14A0002A123 /* echoserver.c in Sources */,
			);
			runOnlyForDeploymentPostprocessing = 0;
		};
		4368F72B0E9EA8E60002A123 /* Sources */ = {
			isa = PBXSourcesBuildPhase;
			buildActionMask = 2147483647;
			files = (
				4368F7320E9EA8FF0002A123 /* test.c in Sources */,
			);
			runOnlyForDeploymentPostprocessing = 0;
		};
		4368F73E0E9EA9740002A123 /* Sources */ = {
			isa = PBXSourcesBuildPhase;
			buildActionMask = 2147483647;
			files = (
				4368F7460E9EA98A0002A123 /* benchmark.c in Sources */,
			);
			runOnlyForDeploymentPostprocessing = 0;
		};
		4368F7510E9EA9FD0002A123 /* Sources */ = {
			isa = PBXSourcesBuildPhase;
			buildActionMask = 2147483647;
			files = (
				4368F7580E9EAA150002A123 /* server.c in Sources */,
			);
			runOnlyForDeploymentPostprocessing = 0;
		};
		4368F7620E9EAB090002A123 /* Sources */ = {
			isa = PBXSourcesBuildPhase;
			buildActionMask = 2147483647;
			files = (
				4368F7690E9EAB160002A123 /* echoclient.c in Sources */,
			);
			runOnlyForDeploymentPostprocessing = 0;
		};
		4368F7960E9EABB80002A123 /* Sources */ = {
			isa = PBXSourcesBuildPhase;
			buildActionMask = 2147483647;
			files = (
				4368F7A00E9EABF50002A123 /* echoserver.c in Sources */,
			);
			runOnlyForDeploymentPostprocessing = 0;
		};
		43F5A24C0E8C599600CD7F1A /* Sources */ = {
			isa = PBXSourcesBuildPhase;
			buildActionMask = 2147483647;
			files = (
				43F5A2580E8C59BA00CD7F1A /* client.c in Sources */,
			);
			runOnlyForDeploymentPostprocessing = 0;
		};
		D2AAC044055464E500DB518D /* Sources */ = {
			isa = PBXSourcesBuildPhase;
			buildActionMask = 2147483647;
			files = (
				43C6C27B0DDF984100F2D488 /* cyassl_int.c in Sources */,
				43C6C27C0DDF984100F2D488 /* keys.c in Sources */,
				43C6C27E0DDF984100F2D488 /* tls.c in Sources */,
				43C6C2920DDF98D400F2D488 /* aes.c in Sources */,
				43C6C2930DDF98D400F2D488 /* arc4.c in Sources */,
				43C6C2940DDF98D400F2D488 /* asn.c in Sources */,
				43C6C2950DDF98D400F2D488 /* coding.c in Sources */,
				43C6C2960DDF98D400F2D488 /* des3.c in Sources */,
				43C6C2970DDF98D400F2D488 /* dh.c in Sources */,
				43C6C2980DDF98D400F2D488 /* dsa.c in Sources */,
				43C6C2990DDF98D400F2D488 /* hmac.c in Sources */,
				43C6C29A0DDF98D400F2D488 /* integer.c in Sources */,
				43C6C29B0DDF98D400F2D488 /* md5.c in Sources */,
				43C6C29C0DDF98D400F2D488 /* misc.c in Sources */,
				43C6C29D0DDF98D400F2D488 /* random.c in Sources */,
				43C6C29E0DDF98D400F2D488 /* rsa.c in Sources */,
				43C6C29F0DDF98D400F2D488 /* sha.c in Sources */,
				43C6C2A00DDF98D400F2D488 /* sha256.c in Sources */,
				43962ADF0DE7ED48003C5E5B /* ssl.c in Sources */,
				43AC92CA0EB154210049F588 /* cyassl_io.c in Sources */,
				43D565650F1EC9A600550C88 /* hc128.c in Sources */,
				43D565670F1EC9CC00550C88 /* rabbit.c in Sources */,
				43809E5D0FB7AC420050922E /* md4.c in Sources */,
			);
			runOnlyForDeploymentPostprocessing = 0;
		};
/* End PBXSourcesBuildPhase section */

/* Begin PBXTargetDependency section */
		4368F6ED0E9EA1970002A123 /* PBXTargetDependency */ = {
			isa = PBXTargetDependency;
			target = D2AAC045055464E500DB518D /* cyassl */;
			targetProxy = 4368F6EC0E9EA1970002A123 /* PBXContainerItemProxy */;
		};
		4368F7340E9EA91F0002A123 /* PBXTargetDependency */ = {
			isa = PBXTargetDependency;
			target = D2AAC045055464E500DB518D /* cyassl */;
			targetProxy = 4368F7330E9EA91F0002A123 /* PBXContainerItemProxy */;
		};
		4368F7490E9EA9A70002A123 /* PBXTargetDependency */ = {
			isa = PBXTargetDependency;
			target = D2AAC045055464E500DB518D /* cyassl */;
			targetProxy = 4368F7480E9EA9A70002A123 /* PBXContainerItemProxy */;
		};
		4368F75A0E9EAA330002A123 /* PBXTargetDependency */ = {
			isa = PBXTargetDependency;
			target = D2AAC045055464E500DB518D /* cyassl */;
			targetProxy = 4368F7590E9EAA330002A123 /* PBXContainerItemProxy */;
		};
		4368F76C0E9EAB650002A123 /* PBXTargetDependency */ = {
			isa = PBXTargetDependency;
			target = D2AAC045055464E500DB518D /* cyassl */;
			targetProxy = 4368F76B0E9EAB650002A123 /* PBXContainerItemProxy */;
		};
		4368F79E0E9EABBF0002A123 /* PBXTargetDependency */ = {
			isa = PBXTargetDependency;
			target = D2AAC045055464E500DB518D /* cyassl */;
			targetProxy = 4368F79D0E9EABBF0002A123 /* PBXContainerItemProxy */;
		};
		43F5A25A0E8C59C500CD7F1A /* PBXTargetDependency */ = {
			isa = PBXTargetDependency;
			target = D2AAC045055464E500DB518D /* cyassl */;
			targetProxy = 43F5A2590E8C59C500CD7F1A /* PBXContainerItemProxy */;
		};
/* End PBXTargetDependency section */

/* Begin XCBuildConfiguration section */
		1DEB91EC08733DB70010E9CD /* Debug */ = {
			isa = XCBuildConfiguration;
			buildSettings = {
				ARCHS = x86_64;
				COPY_PHASE_STRIP = NO;
				GCC_DYNAMIC_NO_PIC = NO;
				GCC_ENABLE_FIX_AND_CONTINUE = YES;
				GCC_MODEL_TUNING = G5;
				GCC_OPTIMIZATION_LEVEL = 0;
				GCC_PREPROCESSOR_DEFINITIONS = (
					OPENSSL_EXTRA,
					CYASSL_DTLS,
					HAVE_CONFIG_H,
				);
				INSTALL_PATH = /usr/local/lib;
				PRODUCT_NAME = cyassl;
				SDKROOT = macosx10.5;
				WARNING_CFLAGS = "-Wall";
				ZERO_LINK = YES;
			};
			name = Debug;
		};
		1DEB91ED08733DB70010E9CD /* Release */ = {
			isa = XCBuildConfiguration;
			buildSettings = {
				DEBUG_INFORMATION_FORMAT = "dwarf-with-dsym";
				GCC_MODEL_TUNING = G5;
				GCC_PREPROCESSOR_DEFINITIONS = (
					USE_FAST_MATH,
					OPENSSL_EXTRA,
					HAVE_CONFIG_H,
				);
				INSTALL_PATH = /usr/local/lib;
				PRODUCT_NAME = cyassl;
				WARNING_CFLAGS = "-Wall";
			};
			name = Release;
		};
		1DEB91F008733DB70010E9CD /* Debug */ = {
			isa = XCBuildConfiguration;
			buildSettings = {
				ARCHS = x86_64;
				GCC_PREPROCESSOR_DEFINITIONS = (
					NO_FILESYSTEM,
					CYASSL_CALLBACKS,
					HAVE_CONFIG_H,
				);
				GCC_VERSION = 4.2;
				GCC_WARN_ABOUT_RETURN_TYPE = YES;
				GCC_WARN_UNUSED_VARIABLE = YES;
				PREBINDING = NO;
				SDKROOT = macosx10.5;
				USER_HEADER_SEARCH_PATHS = "include ctaocrypt/include";
			};
			name = Debug;
		};
		1DEB91F108733DB70010E9CD /* Release */ = {
			isa = XCBuildConfiguration;
			buildSettings = {
				ARCHS = x86_64;
				GCC_PREPROCESSOR_DEFINITIONS = HAVE_CONFIG_H;
				GCC_VERSION = 4.2;
				GCC_WARN_ABOUT_RETURN_TYPE = YES;
				GCC_WARN_UNUSED_VARIABLE = YES;
				PREBINDING = NO;
				SDKROOT = macosx10.5;
				USER_HEADER_SEARCH_PATHS = "include ctaocrypt/include";
			};
			name = Release;
		};
		4368F6DE0E9EA08C0002A123 /* Debug */ = {
			isa = XCBuildConfiguration;
			buildSettings = {
				ALWAYS_SEARCH_USER_PATHS = NO;
				COPY_PHASE_STRIP = NO;
				GCC_DYNAMIC_NO_PIC = NO;
				GCC_ENABLE_FIX_AND_CONTINUE = YES;
				GCC_MODEL_TUNING = G5;
				GCC_OPTIMIZATION_LEVEL = 0;
				GCC_PREPROCESSOR_DEFINITIONS = (
					OPENSSL_EXTRA,
					HAVE_CONFIG_H,
					NO_MAIN_DRIVER,
				);
				INSTALL_PATH = /usr/local/bin;
				OTHER_LDFLAGS = "-lz";
				PREBINDING = NO;
				PRECOMPS_INCLUDE_HEADERS_FROM_BUILT_PRODUCTS_DIR = YES;
				PRODUCT_NAME = testsuite;
				USER_HEADER_SEARCH_PATHS = "include ctaocrypt/include";
			};
			name = Debug;
		};
		4368F6DF0E9EA08C0002A123 /* Release */ = {
			isa = XCBuildConfiguration;
			buildSettings = {
				ALWAYS_SEARCH_USER_PATHS = NO;
				COPY_PHASE_STRIP = YES;
				DEBUG_INFORMATION_FORMAT = "dwarf-with-dsym";
				GCC_ENABLE_FIX_AND_CONTINUE = NO;
				GCC_MODEL_TUNING = G5;
				GCC_PREPROCESSOR_DEFINITIONS = (
					OPENSSL_EXTRA,
					HAVE_CONFIG_H,
					NO_MAIN_DRIVER,
				);
				INSTALL_PATH = /usr/local/bin;
				OTHER_LDFLAGS = "-lz";
				PREBINDING = NO;
				PRODUCT_NAME = testsuite;
				USER_HEADER_SEARCH_PATHS = "include ctaocrypt/include";
				ZERO_LINK = NO;
			};
			name = Release;
		};
		4368F7300E9EA8E70002A123 /* Debug */ = {
			isa = XCBuildConfiguration;
			buildSettings = {
				ALWAYS_SEARCH_USER_PATHS = NO;
				COPY_PHASE_STRIP = NO;
				GCC_DYNAMIC_NO_PIC = NO;
				GCC_ENABLE_FIX_AND_CONTINUE = YES;
				GCC_MODEL_TUNING = G5;
				GCC_OPTIMIZATION_LEVEL = 0;
				GCC_PREPROCESSOR_DEFINITIONS = (
					CYASSL_CALLBACKS,
					HAVE_CONFIG_H,
				);
				INSTALL_PATH = /usr/local/bin;
				PREBINDING = NO;
				PRODUCT_NAME = test;
			};
			name = Debug;
		};
		4368F7310E9EA8E70002A123 /* Release */ = {
			isa = XCBuildConfiguration;
			buildSettings = {
				ALWAYS_SEARCH_USER_PATHS = NO;
				COPY_PHASE_STRIP = YES;
				DEBUG_INFORMATION_FORMAT = "dwarf-with-dsym";
				GCC_ENABLE_FIX_AND_CONTINUE = NO;
				GCC_MODEL_TUNING = G5;
				INSTALL_PATH = /usr/local/bin;
				PREBINDING = NO;
				PRODUCT_NAME = test;
				ZERO_LINK = NO;
			};
			name = Release;
		};
		4368F7430E9EA9740002A123 /* Debug */ = {
			isa = XCBuildConfiguration;
			buildSettings = {
				ALWAYS_SEARCH_USER_PATHS = NO;
				COPY_PHASE_STRIP = NO;
				GCC_DYNAMIC_NO_PIC = NO;
				GCC_ENABLE_FIX_AND_CONTINUE = YES;
				GCC_MODEL_TUNING = G5;
				GCC_OPTIMIZATION_LEVEL = 0;
				GCC_PREPROCESSOR_DEFINITIONS = (
					CYASSL_CALLBACKS,
					HAVE_CONFIG_H,
				);
				INSTALL_PATH = /usr/local/bin;
				PREBINDING = NO;
				PRODUCT_NAME = benchmark;
			};
			name = Debug;
		};
		4368F7440E9EA9740002A123 /* Release */ = {
			isa = XCBuildConfiguration;
			buildSettings = {
				ALWAYS_SEARCH_USER_PATHS = NO;
				COPY_PHASE_STRIP = YES;
				DEBUG_INFORMATION_FORMAT = "dwarf-with-dsym";
				GCC_ENABLE_FIX_AND_CONTINUE = NO;
				GCC_MODEL_TUNING = G5;
				INSTALL_PATH = /usr/local/bin;
				PREBINDING = NO;
				PRODUCT_NAME = benchmark;
				ZERO_LINK = NO;
			};
			name = Release;
		};
		4368F7560E9EA9FD0002A123 /* Debug */ = {
			isa = XCBuildConfiguration;
			buildSettings = {
				ALWAYS_SEARCH_USER_PATHS = NO;
				COPY_PHASE_STRIP = NO;
				GCC_DYNAMIC_NO_PIC = NO;
				GCC_ENABLE_FIX_AND_CONTINUE = YES;
				GCC_MODEL_TUNING = G5;
				GCC_OPTIMIZATION_LEVEL = 0;
				GCC_PREPROCESSOR_DEFINITIONS = HAVE_CONFIG_H;
				INSTALL_PATH = /usr/local/bin;
				OTHER_LDFLAGS = "-lz";
				PREBINDING = NO;
				PRODUCT_NAME = server;
			};
			name = Debug;
		};
		4368F7570E9EA9FD0002A123 /* Release */ = {
			isa = XCBuildConfiguration;
			buildSettings = {
				ALWAYS_SEARCH_USER_PATHS = NO;
				COPY_PHASE_STRIP = YES;
				DEBUG_INFORMATION_FORMAT = "dwarf-with-dsym";
				GCC_ENABLE_FIX_AND_CONTINUE = NO;
				GCC_MODEL_TUNING = G5;
				INSTALL_PATH = /usr/local/bin;
				OTHER_LDFLAGS = "-lz";
				PREBINDING = NO;
				PRODUCT_NAME = server;
				ZERO_LINK = NO;
			};
			name = Release;
		};
		4368F7670E9EAB0A0002A123 /* Debug */ = {
			isa = XCBuildConfiguration;
			buildSettings = {
				ALWAYS_SEARCH_USER_PATHS = NO;
				COPY_PHASE_STRIP = NO;
				GCC_DYNAMIC_NO_PIC = NO;
				GCC_ENABLE_FIX_AND_CONTINUE = YES;
				GCC_MODEL_TUNING = G5;
				GCC_OPTIMIZATION_LEVEL = 0;
				GCC_PREPROCESSOR_DEFINITIONS = (
					CYASSL_CALLBACKS,
					HAVE_CONFIG_H,
				);
				INSTALL_PATH = /usr/local/bin;
				OTHER_LDFLAGS = "-lz";
				PREBINDING = NO;
				PRODUCT_NAME = echoclient;
			};
			name = Debug;
		};
		4368F7680E9EAB0A0002A123 /* Release */ = {
			isa = XCBuildConfiguration;
			buildSettings = {
				ALWAYS_SEARCH_USER_PATHS = NO;
				COPY_PHASE_STRIP = YES;
				DEBUG_INFORMATION_FORMAT = "dwarf-with-dsym";
				GCC_ENABLE_FIX_AND_CONTINUE = NO;
				GCC_MODEL_TUNING = G5;
				INSTALL_PATH = /usr/local/bin;
				OTHER_LDFLAGS = "-lz";
				PREBINDING = NO;
				PRODUCT_NAME = echoclient;
				ZERO_LINK = NO;
			};
			name = Release;
		};
		4368F79B0E9EABB80002A123 /* Debug */ = {
			isa = XCBuildConfiguration;
			buildSettings = {
				ALWAYS_SEARCH_USER_PATHS = NO;
				COPY_PHASE_STRIP = NO;
				GCC_DYNAMIC_NO_PIC = NO;
				GCC_ENABLE_FIX_AND_CONTINUE = YES;
				GCC_MODEL_TUNING = G5;
				GCC_OPTIMIZATION_LEVEL = 0;
				GCC_PREPROCESSOR_DEFINITIONS = (
					CYASSL_DTLS,
					CYASSL_CALLBACKS,
					HAVE_CONFIG_H,
				);
				INSTALL_PATH = /usr/local/bin;
				OTHER_LDFLAGS = "-lz";
				PREBINDING = NO;
				PRODUCT_NAME = echoserver;
			};
			name = Debug;
		};
		4368F79C0E9EABB80002A123 /* Release */ = {
			isa = XCBuildConfiguration;
			buildSettings = {
				ALWAYS_SEARCH_USER_PATHS = NO;
				COPY_PHASE_STRIP = YES;
				DEBUG_INFORMATION_FORMAT = "dwarf-with-dsym";
				GCC_ENABLE_FIX_AND_CONTINUE = NO;
				GCC_MODEL_TUNING = G5;
				INSTALL_PATH = /usr/local/bin;
				OTHER_LDFLAGS = "-lz";
				PREBINDING = NO;
				PRODUCT_NAME = echoserver;
				ZERO_LINK = NO;
			};
			name = Release;
		};
		43F5A2510E8C599700CD7F1A /* Debug */ = {
			isa = XCBuildConfiguration;
			buildSettings = {
				ALWAYS_SEARCH_USER_PATHS = NO;
				ARCHS = x86_64;
				COPY_PHASE_STRIP = NO;
				GCC_DYNAMIC_NO_PIC = NO;
				GCC_ENABLE_FIX_AND_CONTINUE = YES;
				GCC_MODEL_TUNING = G5;
				GCC_OPTIMIZATION_LEVEL = 0;
				GCC_PREPROCESSOR_DEFINITIONS = (
					OPENSSL_EXTRA,
					HAVE_CONFIG_H,
				);
				INSTALL_PATH = /usr/local/bin;
				OTHER_LDFLAGS = "-lz";
				PREBINDING = NO;
				PRODUCT_NAME = client;
				SDKROOT = macosx10.5;
			};
			name = Debug;
		};
		43F5A2520E8C599700CD7F1A /* Release */ = {
			isa = XCBuildConfiguration;
			buildSettings = {
				ALWAYS_SEARCH_USER_PATHS = NO;
				COPY_PHASE_STRIP = YES;
				DEBUG_INFORMATION_FORMAT = "dwarf-with-dsym";
				GCC_ENABLE_FIX_AND_CONTINUE = NO;
				GCC_MODEL_TUNING = G5;
				GCC_PREPROCESSOR_DEFINITIONS = HAVE_CONFIG_H;
				INSTALL_PATH = /usr/local/bin;
				OTHER_LDFLAGS = "-lz";
				PREBINDING = NO;
				PRODUCT_NAME = client;
				ZERO_LINK = NO;
			};
			name = Release;
		};
/* End XCBuildConfiguration section */

/* Begin XCConfigurationList section */
		1DEB91EB08733DB70010E9CD /* Build configuration list for PBXNativeTarget "cyassl" */ = {
			isa = XCConfigurationList;
			buildConfigurations = (
				1DEB91EC08733DB70010E9CD /* Debug */,
				1DEB91ED08733DB70010E9CD /* Release */,
			);
			defaultConfigurationIsVisible = 0;
			defaultConfigurationName = Release;
		};
		1DEB91EF08733DB70010E9CD /* Build configuration list for PBXProject "cyassl" */ = {
			isa = XCConfigurationList;
			buildConfigurations = (
				1DEB91F008733DB70010E9CD /* Debug */,
				1DEB91F108733DB70010E9CD /* Release */,
			);
			defaultConfigurationIsVisible = 0;
			defaultConfigurationName = Release;
		};
		4368F6E00E9EA0AB0002A123 /* Build configuration list for PBXNativeTarget "testsuite" */ = {
			isa = XCConfigurationList;
			buildConfigurations = (
				4368F6DE0E9EA08C0002A123 /* Debug */,
				4368F6DF0E9EA08C0002A123 /* Release */,
			);
			defaultConfigurationIsVisible = 0;
			defaultConfigurationName = Release;
		};
		4368F73D0E9EA96A0002A123 /* Build configuration list for PBXNativeTarget "test" */ = {
			isa = XCConfigurationList;
			buildConfigurations = (
				4368F7300E9EA8E70002A123 /* Debug */,
				4368F7310E9EA8E70002A123 /* Release */,
			);
			defaultConfigurationIsVisible = 0;
			defaultConfigurationName = Release;
		};
		4368F7470E9EA98A0002A123 /* Build configuration list for PBXNativeTarget "benchmark" */ = {
			isa = XCConfigurationList;
			buildConfigurations = (
				4368F7430E9EA9740002A123 /* Debug */,
				4368F7440E9EA9740002A123 /* Release */,
			);
			defaultConfigurationIsVisible = 0;
			defaultConfigurationName = Release;
		};
		4368F75E0E9EAA6B0002A123 /* Build configuration list for PBXNativeTarget "server" */ = {
			isa = XCConfigurationList;
			buildConfigurations = (
				4368F7560E9EA9FD0002A123 /* Debug */,
				4368F7570E9EA9FD0002A123 /* Release */,
			);
			defaultConfigurationIsVisible = 0;
			defaultConfigurationName = Release;
		};
		4368F7920E9EAB700002A123 /* Build configuration list for PBXNativeTarget "echoclient" */ = {
			isa = XCConfigurationList;
			buildConfigurations = (
				4368F7670E9EAB0A0002A123 /* Debug */,
				4368F7680E9EAB0A0002A123 /* Release */,
			);
			defaultConfigurationIsVisible = 0;
			defaultConfigurationName = Release;
		};
		4368F7A80E9EAC2B0002A123 /* Build configuration list for PBXNativeTarget "echoserver" */ = {
			isa = XCConfigurationList;
			buildConfigurations = (
				4368F79B0E9EABB80002A123 /* Debug */,
				4368F79C0E9EABB80002A123 /* Release */,
			);
			defaultConfigurationIsVisible = 0;
			defaultConfigurationName = Release;
		};
		43F5A2530E8C59B500CD7F1A /* Build configuration list for PBXNativeTarget "client" */ = {
			isa = XCConfigurationList;
			buildConfigurations = (
				43F5A2510E8C599700CD7F1A /* Debug */,
				43F5A2520E8C599700CD7F1A /* Release */,
			);
			defaultConfigurationIsVisible = 0;
			defaultConfigurationName = Release;
		};
/* End XCConfigurationList section */
	};
	rootObject = 08FB7793FE84155DC02AAC07 /* Project object */;
}
